// !$*UTF8*$!
{
	archiveVersion = 1;
	classes = {
	};
	objectVersion = 56;
	objects = {

/* Begin PBXBuildFile section */
		A6370C7129FA3C8B00D53DCC /* AppDelegate.swift in Sources */ = {isa = PBXBuildFile; fileRef = A6370C7029FA3C8B00D53DCC /* AppDelegate.swift */; };
		A6370C7329FA3C8B00D53DCC /* SceneDelegate.swift in Sources */ = {isa = PBXBuildFile; fileRef = A6370C7229FA3C8B00D53DCC /* SceneDelegate.swift */; };
		A6370C7529FA3C8B00D53DCC /* ViewController.swift in Sources */ = {isa = PBXBuildFile; fileRef = A6370C7429FA3C8B00D53DCC /* ViewController.swift */; };
		A6370C7829FA3C8B00D53DCC /* Main.storyboard in Resources */ = {isa = PBXBuildFile; fileRef = A6370C7629FA3C8B00D53DCC /* Main.storyboard */; };
		A6370C7A29FA3C8C00D53DCC /* Assets.xcassets in Resources */ = {isa = PBXBuildFile; fileRef = A6370C7929FA3C8C00D53DCC /* Assets.xcassets */; };
		A6370C7D29FA3C8C00D53DCC /* LaunchScreen.storyboard in Resources */ = {isa = PBXBuildFile; fileRef = A6370C7B29FA3C8C00D53DCC /* LaunchScreen.storyboard */; };
		A6370C8529FA448D00D53DCC /* LoginViewController.swift in Sources */ = {isa = PBXBuildFile; fileRef = A6370C8429FA448D00D53DCC /* LoginViewController.swift */; };
		A6370C8729FA60F800D53DCC /* LoginView.swift in Sources */ = {isa = PBXBuildFile; fileRef = A6370C8629FA60F800D53DCC /* LoginView.swift */; };
/* End PBXBuildFile section */

/* Begin PBXFileReference section */
		A6370C6D29FA3C8B00D53DCC /* FlexNet.app */ = {isa = PBXFileReference; explicitFileType = wrapper.application; includeInIndex = 0; path = FlexNet.app; sourceTree = BUILT_PRODUCTS_DIR; };
		A6370C7029FA3C8B00D53DCC /* AppDelegate.swift */ = {isa = PBXFileReference; lastKnownFileType = sourcecode.swift; path = AppDelegate.swift; sourceTree = "<group>"; };
		A6370C7229FA3C8B00D53DCC /* SceneDelegate.swift */ = {isa = PBXFileReference; lastKnownFileType = sourcecode.swift; path = SceneDelegate.swift; sourceTree = "<group>"; };
		A6370C7429FA3C8B00D53DCC /* ViewController.swift */ = {isa = PBXFileReference; lastKnownFileType = sourcecode.swift; path = ViewController.swift; sourceTree = "<group>"; };
		A6370C7729FA3C8B00D53DCC /* Base */ = {isa = PBXFileReference; lastKnownFileType = file.storyboard; name = Base; path = Base.lproj/Main.storyboard; sourceTree = "<group>"; };
		A6370C7929FA3C8C00D53DCC /* Assets.xcassets */ = {isa = PBXFileReference; lastKnownFileType = folder.assetcatalog; path = Assets.xcassets; sourceTree = "<group>"; };
		A6370C7C29FA3C8C00D53DCC /* Base */ = {isa = PBXFileReference; lastKnownFileType = file.storyboard; name = Base; path = Base.lproj/LaunchScreen.storyboard; sourceTree = "<group>"; };
		A6370C7E29FA3C8C00D53DCC /* Info.plist */ = {isa = PBXFileReference; lastKnownFileType = text.plist.xml; path = Info.plist; sourceTree = "<group>"; };
		A6370C8429FA448D00D53DCC /* LoginViewController.swift */ = {isa = PBXFileReference; lastKnownFileType = sourcecode.swift; path = LoginViewController.swift; sourceTree = "<group>"; };
		A6370C8629FA60F800D53DCC /* LoginView.swift */ = {isa = PBXFileReference; lastKnownFileType = sourcecode.swift; path = LoginView.swift; sourceTree = "<group>"; };
/* End PBXFileReference section */

/* Begin PBXFrameworksBuildPhase section */
		A6370C6A29FA3C8B00D53DCC /* Frameworks */ = {
			isa = PBXFrameworksBuildPhase;
			buildActionMask = 2147483647;
			files = (
			);
			runOnlyForDeploymentPostprocessing = 0;
		};
/* End PBXFrameworksBuildPhase section */

/* Begin PBXGroup section */
		A6370C6429FA3C8B00D53DCC = {
			isa = PBXGroup;
			children = (
				A6370C6F29FA3C8B00D53DCC /* FlexNet */,
				A6370C6E29FA3C8B00D53DCC /* Products */,
			);
			sourceTree = "<group>";
		};
		A6370C6E29FA3C8B00D53DCC /* Products */ = {
			isa = PBXGroup;
			children = (
				A6370C6D29FA3C8B00D53DCC /* FlexNet.app */,
			);
			name = Products;
			sourceTree = "<group>";
		};
		A6370C6F29FA3C8B00D53DCC /* FlexNet */ = {
			isa = PBXGroup;
			children = (
				A6370C7029FA3C8B00D53DCC /* AppDelegate.swift */,
				A6370C7229FA3C8B00D53DCC /* SceneDelegate.swift */,
				A6370C7429FA3C8B00D53DCC /* ViewController.swift */,
				A6370C7629FA3C8B00D53DCC /* Main.storyboard */,
				A6370C7929FA3C8C00D53DCC /* Assets.xcassets */,
				A6370C7B29FA3C8C00D53DCC /* LaunchScreen.storyboard */,
				A6370C7E29FA3C8C00D53DCC /* Info.plist */,
				A6370C8429FA448D00D53DCC /* LoginViewController.swift */,
				A6370C8629FA60F800D53DCC /* LoginView.swift */,
			);
			path = FlexNet;
			sourceTree = "<group>";
		};
/* End PBXGroup section */

/* Begin PBXNativeTarget section */
		A6370C6C29FA3C8B00D53DCC /* FlexNet */ = {
			isa = PBXNativeTarget;
			buildConfigurationList = A6370C8129FA3C8C00D53DCC /* Build configuration list for PBXNativeTarget "FlexNet" */;
			buildPhases = (
				A6370C6929FA3C8B00D53DCC /* Sources */,
				A6370C6A29FA3C8B00D53DCC /* Frameworks */,
				A6370C6B29FA3C8B00D53DCC /* Resources */,
			);
			buildRules = (
			);
			dependencies = (
			);
			name = FlexNet;
			productName = FlexNet;
			productReference = A6370C6D29FA3C8B00D53DCC /* FlexNet.app */;
			productType = "com.apple.product-type.application";
		};
/* End PBXNativeTarget section */

/* Begin PBXProject section */
		A6370C6529FA3C8B00D53DCC /* Project object */ = {
			isa = PBXProject;
			attributes = {
				BuildIndependentTargetsInParallel = 1;
				LastSwiftUpdateCheck = 1410;
				LastUpgradeCheck = 1410;
				TargetAttributes = {
					A6370C6C29FA3C8B00D53DCC = {
						CreatedOnToolsVersion = 14.1;
					};
				};
			};
			buildConfigurationList = A6370C6829FA3C8B00D53DCC /* Build configuration list for PBXProject "FlexNet" */;
			compatibilityVersion = "Xcode 14.0";
			developmentRegion = en;
			hasScannedForEncodings = 0;
			knownRegions = (
				en,
				Base,
			);
			mainGroup = A6370C6429FA3C8B00D53DCC;
			productRefGroup = A6370C6E29FA3C8B00D53DCC /* Products */;
			projectDirPath = "";
			projectRoot = "";
			targets = (
				A6370C6C29FA3C8B00D53DCC /* FlexNet */,
			);
		};
/* End PBXProject section */

/* Begin PBXResourcesBuildPhase section */
		A6370C6B29FA3C8B00D53DCC /* Resources */ = {
			isa = PBXResourcesBuildPhase;
			buildActionMask = 2147483647;
			files = (
				A6370C7D29FA3C8C00D53DCC /* LaunchScreen.storyboard in Resources */,
				A6370C7A29FA3C8C00D53DCC /* Assets.xcassets in Resources */,
				A6370C7829FA3C8B00D53DCC /* Main.storyboard in Resources */,
			);
			runOnlyForDeploymentPostprocessing = 0;
		};
/* End PBXResourcesBuildPhase section */

/* Begin PBXSourcesBuildPhase section */
		A6370C6929FA3C8B00D53DCC /* Sources */ = {
			isa = PBXSourcesBuildPhase;
			buildActionMask = 2147483647;
			files = (
				A6370C8529FA448D00D53DCC /* LoginViewController.swift in Sources */,
				A6370C8729FA60F800D53DCC /* LoginView.swift in Sources */,
				A6370C7529FA3C8B00D53DCC /* ViewController.swift in Sources */,
				A6370C7129FA3C8B00D53DCC /* AppDelegate.swift in Sources */,
				A6370C7329FA3C8B00D53DCC /* SceneDelegate.swift in Sources */,
			);
			runOnlyForDeploymentPostprocessing = 0;
		};
/* End PBXSourcesBuildPhase section */

/* Begin PBXVariantGroup section */
		A6370C7629FA3C8B00D53DCC /* Main.storyboard */ = {
			isa = PBXVariantGroup;
			children = (
				A6370C7729FA3C8B00D53DCC /* Base */,
			);
			name = Main.storyboard;
			sourceTree = "<group>";
		};
		A6370C7B29FA3C8C00D53DCC /* LaunchScreen.storyboard */ = {
			isa = PBXVariantGroup;
			children = (
				A6370C7C29FA3C8C00D53DCC /* Base */,
			);
			name = LaunchScreen.storyboard;
			sourceTree = "<group>";
		};
/* End PBXVariantGroup section */

/* Begin XCBuildConfiguration section */
		A6370C7F29FA3C8C00D53DCC /* Debug */ = {
			isa = XCBuildConfiguration;
			buildSettings = {
				ALWAYS_SEARCH_USER_PATHS = NO;
				CLANG_ANALYZER_NONNULL = YES;
				CLANG_ANALYZER_NUMBER_OBJECT_CONVERSION = YES_AGGRESSIVE;
				CLANG_CXX_LANGUAGE_STANDARD = "gnu++20";
				CLANG_ENABLE_MODULES = YES;
				CLANG_ENABLE_OBJC_ARC = YES;
				CLANG_ENABLE_OBJC_WEAK = YES;
				CLANG_WARN_BLOCK_CAPTURE_AUTORELEASING = YES;
				CLANG_WARN_BOOL_CONVERSION = YES;
				CLANG_WARN_COMMA = YES;
				CLANG_WARN_CONSTANT_CONVERSION = YES;
				CLANG_WARN_DEPRECATED_OBJC_IMPLEMENTATIONS = YES;
				CLANG_WARN_DIRECT_OBJC_ISA_USAGE = YES_ERROR;
				CLANG_WARN_DOCUMENTATION_COMMENTS = YES;
				CLANG_WARN_EMPTY_BODY = YES;
				CLANG_WARN_ENUM_CONVERSION = YES;
				CLANG_WARN_INFINITE_RECURSION = YES;
				CLANG_WARN_INT_CONVERSION = YES;
				CLANG_WARN_NON_LITERAL_NULL_CONVERSION = YES;
				CLANG_WARN_OBJC_IMPLICIT_RETAIN_SELF = YES;
				CLANG_WARN_OBJC_LITERAL_CONVERSION = YES;
				CLANG_WARN_OBJC_ROOT_CLASS = YES_ERROR;
				CLANG_WARN_QUOTED_INCLUDE_IN_FRAMEWORK_HEADER = YES;
				CLANG_WARN_RANGE_LOOP_ANALYSIS = YES;
				CLANG_WARN_STRICT_PROTOTYPES = YES;
				CLANG_WARN_SUSPICIOUS_MOVE = YES;
				CLANG_WARN_UNGUARDED_AVAILABILITY = YES_AGGRESSIVE;
				CLANG_WARN_UNREACHABLE_CODE = YES;
				CLANG_WARN__DUPLICATE_METHOD_MATCH = YES;
				COPY_PHASE_STRIP = NO;
				DEBUG_INFORMATION_FORMAT = dwarf;
				ENABLE_STRICT_OBJC_MSGSEND = YES;
				ENABLE_TESTABILITY = YES;
				GCC_C_LANGUAGE_STANDARD = gnu11;
				GCC_DYNAMIC_NO_PIC = NO;
				GCC_NO_COMMON_BLOCKS = YES;
				GCC_OPTIMIZATION_LEVEL = 0;
				GCC_PREPROCESSOR_DEFINITIONS = (
					"DEBUG=1",
					"$(inherited)",
				);
				GCC_WARN_64_TO_32_BIT_CONVERSION = YES;
				GCC_WARN_ABOUT_RETURN_TYPE = YES_ERROR;
				GCC_WARN_UNDECLARED_SELECTOR = YES;
				GCC_WARN_UNINITIALIZED_AUTOS = YES_AGGRESSIVE;
				GCC_WARN_UNUSED_FUNCTION = YES;
				GCC_WARN_UNUSED_VARIABLE = YES;
				IPHONEOS_DEPLOYMENT_TARGET = 16.1;
				MTL_ENABLE_DEBUG_INFO = INCLUDE_SOURCE;
				MTL_FAST_MATH = YES;
				ONLY_ACTIVE_ARCH = YES;
				SDKROOT = iphoneos;
				SWIFT_ACTIVE_COMPILATION_CONDITIONS = DEBUG;
				SWIFT_OPTIMIZATION_LEVEL = "-Onone";
			};
			name = Debug;
		};
		A6370C8029FA3C8C00D53DCC /* Release */ = {
			isa = XCBuildConfiguration;
			buildSettings = {
				ALWAYS_SEARCH_USER_PATHS = NO;
				CLANG_ANALYZER_NONNULL = YES;
				CLANG_ANALYZER_NUMBER_OBJECT_CONVERSION = YES_AGGRESSIVE;
				CLANG_CXX_LANGUAGE_STANDARD = "gnu++20";
				CLANG_ENABLE_MODULES = YES;
				CLANG_ENABLE_OBJC_ARC = YES;
				CLANG_ENABLE_OBJC_WEAK = YES;
				CLANG_WARN_BLOCK_CAPTURE_AUTORELEASING = YES;
				CLANG_WARN_BOOL_CONVERSION = YES;
				CLANG_WARN_COMMA = YES;
				CLANG_WARN_CONSTANT_CONVERSION = YES;
				CLANG_WARN_DEPRECATED_OBJC_IMPLEMENTATIONS = YES;
				CLANG_WARN_DIRECT_OBJC_ISA_USAGE = YES_ERROR;
				CLANG_WARN_DOCUMENTATION_COMMENTS = YES;
				CLANG_WARN_EMPTY_BODY = YES;
				CLANG_WARN_ENUM_CONVERSION = YES;
				CLANG_WARN_INFINITE_RECURSION = YES;
				CLANG_WARN_INT_CONVERSION = YES;
				CLANG_WARN_NON_LITERAL_NULL_CONVERSION = YES;
				CLANG_WARN_OBJC_IMPLICIT_RETAIN_SELF = YES;
				CLANG_WARN_OBJC_LITERAL_CONVERSION = YES;
				CLANG_WARN_OBJC_ROOT_CLASS = YES_ERROR;
				CLANG_WARN_QUOTED_INCLUDE_IN_FRAMEWORK_HEADER = YES;
				CLANG_WARN_RANGE_LOOP_ANALYSIS = YES;
				CLANG_WARN_STRICT_PROTOTYPES = YES;
				CLANG_WARN_SUSPICIOUS_MOVE = YES;
				CLANG_WARN_UNGUARDED_AVAILABILITY = YES_AGGRESSIVE;
				CLANG_WARN_UNREACHABLE_CODE = YES;
				CLANG_WARN__DUPLICATE_METHOD_MATCH = YES;
				COPY_PHASE_STRIP = NO;
				DEBUG_INFORMATION_FORMAT = "dwarf-with-dsym";
				ENABLE_NS_ASSERTIONS = NO;
				ENABLE_STRICT_OBJC_MSGSEND = YES;
				GCC_C_LANGUAGE_STANDARD = gnu11;
				GCC_NO_COMMON_BLOCKS = YES;
				GCC_WARN_64_TO_32_BIT_CONVERSION = YES;
				GCC_WARN_ABOUT_RETURN_TYPE = YES_ERROR;
				GCC_WARN_UNDECLARED_SELECTOR = YES;
				GCC_WARN_UNINITIALIZED_AUTOS = YES_AGGRESSIVE;
				GCC_WARN_UNUSED_FUNCTION = YES;
				GCC_WARN_UNUSED_VARIABLE = YES;
				IPHONEOS_DEPLOYMENT_TARGET = 16.1;
				MTL_ENABLE_DEBUG_INFO = NO;
				MTL_FAST_MATH = YES;
				SDKROOT = iphoneos;
				SWIFT_COMPILATION_MODE = wholemodule;
				SWIFT_OPTIMIZATION_LEVEL = "-O";
				VALIDATE_PRODUCT = YES;
			};
			name = Release;
		};
		A6370C8229FA3C8C00D53DCC /* Debug */ = {
			isa = XCBuildConfiguration;
			buildSettings = {
				ASSETCATALOG_COMPILER_APPICON_NAME = AppIcon;
				ASSETCATALOG_COMPILER_GLOBAL_ACCENT_COLOR_NAME = AccentColor;
				CODE_SIGN_STYLE = Automatic;
				CURRENT_PROJECT_VERSION = 1;
				GENERATE_INFOPLIST_FILE = YES;
				INFOPLIST_FILE = FlexNet/Info.plist;
				INFOPLIST_KEY_UIApplicationSupportsIndirectInputEvents = YES;
				INFOPLIST_KEY_UILaunchStoryboardName = LaunchScreen;
				INFOPLIST_KEY_UIMainStoryboardFile = Main;
				INFOPLIST_KEY_UISupportedInterfaceOrientations_iPad = "UIInterfaceOrientationPortrait UIInterfaceOrientationPortraitUpsideDown UIInterfaceOrientationLandscapeLeft UIInterfaceOrientationLandscapeRight";
				INFOPLIST_KEY_UISupportedInterfaceOrientations_iPhone = "UIInterfaceOrientationPortrait UIInterfaceOrientationLandscapeLeft UIInterfaceOrientationLandscapeRight";
				LD_RUNPATH_SEARCH_PATHS = (
					"$(inherited)",
					"@executable_path/Frameworks",
				);
				MARKETING_VERSION = 1.0;
				PRODUCT_BUNDLE_IDENTIFIER = com.yuyangji.FlexNet;
				PRODUCT_NAME = "$(TARGET_NAME)";
				SWIFT_EMIT_LOC_STRINGS = YES;
				SWIFT_VERSION = 5.0;
				TARGETED_DEVICE_FAMILY = "1,2";
			};
			name = Debug;
		};
		A6370C8329FA3C8C00D53DCC /* Release */ = {
			isa = XCBuildConfiguration;
			buildSettings = {
				ASSETCATALOG_COMPILER_APPICON_NAME = AppIcon;
				ASSETCATALOG_COMPILER_GLOBAL_ACCENT_COLOR_NAME = AccentColor;
				CODE_SIGN_STYLE = Automatic;
				CURRENT_PROJECT_VERSION = 1;
				GENERATE_INFOPLIST_FILE = YES;
				INFOPLIST_FILE = FlexNet/Info.plist;
				INFOPLIST_KEY_UIApplicationSupportsIndirectInputEvents = YES;
				INFOPLIST_KEY_UILaunchStoryboardName = LaunchScreen;
				INFOPLIST_KEY_UIMainStoryboardFile = Main;
				INFOPLIST_KEY_UISupportedInterfaceOrientations_iPad = "UIInterfaceOrientationPortrait UIInterfaceOrientationPortraitUpsideDown UIInterfaceOrientationLandscapeLeft UIInterfaceOrientationLandscapeRight";
				INFOPLIST_KEY_UISupportedInterfaceOrientations_iPhone = "UIInterfaceOrientationPortrait UIInterfaceOrientationLandscapeLeft UIInterfaceOrientationLandscapeRight";
				LD_RUNPATH_SEARCH_PATHS = (
					"$(inherited)",
					"@executable_path/Frameworks",
				);
				MARKETING_VERSION = 1.0;
				PRODUCT_BUNDLE_IDENTIFIER = com.yuyangji.FlexNet;
				PRODUCT_NAME = "$(TARGET_NAME)";
				SWIFT_EMIT_LOC_STRINGS = YES;
				SWIFT_VERSION = 5.0;
				TARGETED_DEVICE_FAMILY = "1,2";
			};
			name = Release;
		};
/* End XCBuildConfiguration section */

/* Begin XCConfigurationList section */
		A6370C6829FA3C8B00D53DCC /* Build configuration list for PBXProject "FlexNet" */ = {
			isa = XCConfigurationList;
			buildConfigurations = (
				A6370C7F29FA3C8C00D53DCC /* Debug */,
				A6370C8029FA3C8C00D53DCC /* Release */,
			);
			defaultConfigurationIsVisible = 0;
			defaultConfigurationName = Release;
		};
		A6370C8129FA3C8C00D53DCC /* Build configuration list for PBXNativeTarget "FlexNet" */ = {
			isa = XCConfigurationList;
			buildConfigurations = (
				A6370C8229FA3C8C00D53DCC /* Debug */,
				A6370C8329FA3C8C00D53DCC /* Release */,
			);
			defaultConfigurationIsVisible = 0;
			defaultConfigurationName = Release;
		};
/* End XCConfigurationList section */
	};
	rootObject = A6370C6529FA3C8B00D53DCC /* Project object */;
}
